
Microsoft Visual Studio Solution File, Format Version 12.00
# Visual Studio Version 16
VisualStudioVersion = 16.0.32106.194
MinimumVisualStudioVersion = 10.0.40219.1
Project("{FAE04EC0-301F-11D3-BF4B-00C04F79EFBC}") = "Web", "Web\Web.csproj", "{474AD16D-FFC1-4100-A641-5147B4541353}"
EndProject
Project("{FAE04EC0-301F-11D3-BF4B-00C04F79EFBC}") = "Core", "Core\Core.csproj", "{78A11ED3-FC74-42AF-BB4C-F5B2B83AFC22}"
EndProject
Project("{FAE04EC0-301F-11D3-BF4B-00C04F79EFBC}") = "Infrastructure", "Infrastructure\Infrastructure.csproj", "{509B3629-BDD5-46A6-9C6C-D2F6B98FD319}"
EndProject
Global
	GlobalSection(SolutionConfigurationPlatforms) = preSolution
		Debug|Any CPU = Debug|Any CPU
		Release|Any CPU = Release|Any CPU
	EndGlobalSection
	GlobalSection(ProjectConfigurationPlatforms) = postSolution
		{474AD16D-FFC1-4100-A641-5147B4541353}.Debug|Any CPU.ActiveCfg = Debug|Any CPU
		{474AD16D-FFC1-4100-A641-5147B4541353}.Debug|Any CPU.Build.0 = Debug|Any CPU
		{474AD16D-FFC1-4100-A641-5147B4541353}.Release|Any CPU.ActiveCfg = Release|Any CPU
		{474AD16D-FFC1-4100-A641-5147B4541353}.Release|Any CPU.Build.0 = Release|Any CPU
		{78A11ED3-FC74-42AF-BB4C-F5B2B83AFC22}.Debug|Any CPU.ActiveCfg = Debug|Any CPU
		{78A11ED3-FC74-42AF-BB4C-F5B2B83AFC22}.Debug|Any CPU.Build.0 = Debug|Any CPU
		{78A11ED3-FC74-42AF-BB4C-F5B2B83AFC22}.Release|Any CPU.ActiveCfg = Release|Any CPU
		{78A11ED3-FC74-42AF-BB4C-F5B2B83AFC22}.Release|Any CPU.Build.0 = Release|Any CPU
		{509B3629-BDD5-46A6-9C6C-D2F6B98FD319}.Debug|Any CPU.ActiveCfg = Debug|Any CPU
		{509B3629-BDD5-46A6-9C6C-D2F6B98FD319}.Debug|Any CPU.Build.0 = Debug|Any CPU
		{509B3629-BDD5-46A6-9C6C-D2F6B98FD319}.Release|Any CPU.ActiveCfg = Release|Any CPU
		{509B3629-BDD5-46A6-9C6C-D2F6B98FD319}.Release|Any CPU.Build.0 = Release|Any CPU
	EndGlobalSection
	GlobalSection(SolutionProperties) = preSolution
		HideSolutionNode = FALSE
	EndGlobalSection
	GlobalSection(ExtensibilityGlobals) = postSolution
		SolutionGuid = {96C8D7C4-61A2-4E40-BFE1-268B0884F221}
	EndGlobalSection
EndGlobal
